
Microsoft Visual Studio Solution File, Format Version 12.00
# Visual Studio Version 16
VisualStudioVersion = 16.0.30128.74
MinimumVisualStudioVersion = 10.0.40219.1
Project("{FAE04EC0-301F-11D3-BF4B-00C04F79EFBC}") = "HW1.1", "HW1.1\HW1.1.csproj", "{52970C2B-7F4F-4781-9007-DAC889A316E8}"
EndProject
Global
	GlobalSection(SolutionConfigurationPlatforms) = preSolution
		Debug|Any CPU = Debug|Any CPU
		Release|Any CPU = Release|Any CPU
	EndGlobalSection
	GlobalSection(ProjectConfigurationPlatforms) = postSolution
		{52970C2B-7F4F-4781-9007-DAC889A316E8}.Debug|Any CPU.ActiveCfg = Debug|Any CPU
		{52970C2B-7F4F-4781-9007-DAC889A316E8}.Debug|Any CPU.Build.0 = Debug|Any CPU
		{52970C2B-7F4F-4781-9007-DAC889A316E8}.Release|Any CPU.ActiveCfg = Release|Any CPU
		{52970C2B-7F4F-4781-9007-DAC889A316E8}.Release|Any CPU.Build.0 = Release|Any CPU
	EndGlobalSection
	GlobalSection(SolutionProperties) = preSolution
		HideSolutionNode = FALSE
	EndGlobalSection
	GlobalSection(ExtensibilityGlobals) = postSolution
		SolutionGuid = {D84A3ED0-2FC2-4A13-A9E5-D9EC4EBF7BC8}
	EndGlobalSection
EndGlobal
